
Microsoft Visual Studio Solution File, Format Version 12.00
# Visual Studio Version 17
VisualStudioVersion = 17.14.36603.0 d17.14
MinimumVisualStudioVersion = 10.0.40219.1
Project("{FAE04EC0-301F-11D3-BF4B-00C04F79EFBC}") = "Electro-Fih", "Electro-Fih\Electro-Fih.csproj", "{DDE54EA8-16BC-4E5F-9B94-9F26E52BF2AA}"
EndProject
Global
	GlobalSection(SolutionConfigurationPlatforms) = preSolution
		Debug|Any CPU = Debug|Any CPU
		Release|Any CPU = Release|Any CPU
	EndGlobalSection
	GlobalSection(ProjectConfigurationPlatforms) = postSolution
		{DDE54EA8-16BC-4E5F-9B94-9F26E52BF2AA}.Debug|Any CPU.ActiveCfg = Debug|Any CPU
		{DDE54EA8-16BC-4E5F-9B94-9F26E52BF2AA}.Debug|Any CPU.Build.0 = Debug|Any CPU
		{DDE54EA8-16BC-4E5F-9B94-9F26E52BF2AA}.Release|Any CPU.ActiveCfg = Release|Any CPU
		{DDE54EA8-16BC-4E5F-9B94-9F26E52BF2AA}.Release|Any CPU.Build.0 = Release|Any CPU
	EndGlobalSection
	GlobalSection(SolutionProperties) = preSolution
		HideSolutionNode = FALSE
	EndGlobalSection
	GlobalSection(ExtensibilityGlobals) = postSolution
		SolutionGuid = {770CC58F-898F-43E2-BF2D-B2E721F7123B}
	EndGlobalSection
EndGlobal
